
Microsoft Visual Studio Solution File, Format Version 12.00
# Visual Studio 14
VisualStudioVersion = 14.0.24720.0
MinimumVisualStudioVersion = 10.0.40219.1
Project("{FAE04EC0-301F-11D3-BF4B-00C04F79EFBC}") = "HolaAPI", "HolaAPI.csproj", "{24697C4E-DE93-4F1D-B5FA-4AE3532D8FDF}"
EndProject
Project("{E24C65DC-7377-472B-9ABA-BC803B73C61A}") = "HolaShalom", "http://localhost/HolaShalom", "{B7B0B963-DB24-42A8-9501-E1711B4EAA22}"
	ProjectSection(WebsiteProperties) = preProject
		UseIISExpress = "false"
		TargetFrameworkMoniker = ".NETFramework,Version%3Dv4.5.2"
		ProjectReferences = "{24697c4e-de93-4f1d-b5fa-4ae3532d8fdf}|HolaAPI.dll;"
		Debug.AspNetCompiler.VirtualPath = "/HolaShalom"
		Debug.AspNetCompiler.PhysicalPath = "..\HolaShalom\"
		Debug.AspNetCompiler.TargetPath = "PrecompiledWeb\HolaShalom\"
		Debug.AspNetCompiler.Updateable = "true"
		Debug.AspNetCompiler.ForceOverwrite = "true"
		Debug.AspNetCompiler.FixedNames = "false"
		Debug.AspNetCompiler.Debug = "True"
		Release.AspNetCompiler.VirtualPath = "/HolaShalom"
		Release.AspNetCompiler.PhysicalPath = "..\HolaShalom\"
		Release.AspNetCompiler.TargetPath = "PrecompiledWeb\HolaShalom\"
		Release.AspNetCompiler.Updateable = "true"
		Release.AspNetCompiler.ForceOverwrite = "true"
		Release.AspNetCompiler.FixedNames = "false"
		Release.AspNetCompiler.Debug = "False"
		SlnRelativePath = "..\HolaShalom\"
	EndProjectSection
EndProject
Global
	GlobalSection(SolutionConfigurationPlatforms) = preSolution
		Debug|Any CPU = Debug|Any CPU
		Release|Any CPU = Release|Any CPU
	EndGlobalSection
	GlobalSection(ProjectConfigurationPlatforms) = postSolution
		{24697C4E-DE93-4F1D-B5FA-4AE3532D8FDF}.Debug|Any CPU.ActiveCfg = Debug|Any CPU
		{24697C4E-DE93-4F1D-B5FA-4AE3532D8FDF}.Debug|Any CPU.Build.0 = Debug|Any CPU
		{24697C4E-DE93-4F1D-B5FA-4AE3532D8FDF}.Release|Any CPU.ActiveCfg = Debug|Any CPU
		{24697C4E-DE93-4F1D-B5FA-4AE3532D8FDF}.Release|Any CPU.Build.0 = Debug|Any CPU
		{B7B0B963-DB24-42A8-9501-E1711B4EAA22}.Debug|Any CPU.ActiveCfg = Debug|Any CPU
		{B7B0B963-DB24-42A8-9501-E1711B4EAA22}.Debug|Any CPU.Build.0 = Debug|Any CPU
		{B7B0B963-DB24-42A8-9501-E1711B4EAA22}.Release|Any CPU.ActiveCfg = Debug|Any CPU
		{B7B0B963-DB24-42A8-9501-E1711B4EAA22}.Release|Any CPU.Build.0 = Debug|Any CPU
	EndGlobalSection
	GlobalSection(SolutionProperties) = preSolution
		HideSolutionNode = FALSE
	EndGlobalSection
EndGlobal
