
Microsoft Visual Studio Solution File, Format Version 12.00
# Visual Studio 14
VisualStudioVersion = 14.0.25420.1
MinimumVisualStudioVersion = 10.0.40219.1
Project("{FAE04EC0-301F-11D3-BF4B-00C04F79EFBC}") = "HolaAPI", "Hola.API\HolaAPI.csproj", "{24697C4E-DE93-4F1D-B5FA-4AE3532D8FDF}"
EndProject
Project("{E24C65DC-7377-472B-9ABA-BC803B73C61A}") = "Hola.UI", "Hola.UI\", "{9DB5EF17-5F59-40D2-A53D-E9F2DDCC1582}"
	ProjectSection(WebsiteProperties) = preProject
		TargetFrameworkMoniker = ".NETFramework,Version%3Dv4.5.2"
		Debug.AspNetCompiler.VirtualPath = "/localhost_61216"
		Debug.AspNetCompiler.PhysicalPath = "Hola.UI\"
		Debug.AspNetCompiler.TargetPath = "PrecompiledWeb\localhost_61216\"
		Debug.AspNetCompiler.Updateable = "true"
		Debug.AspNetCompiler.ForceOverwrite = "true"
		Debug.AspNetCompiler.FixedNames = "false"
		Debug.AspNetCompiler.Debug = "True"
		Release.AspNetCompiler.VirtualPath = "/localhost_61216"
		Release.AspNetCompiler.PhysicalPath = "Hola.UI\"
		Release.AspNetCompiler.TargetPath = "PrecompiledWeb\localhost_61216\"
		Release.AspNetCompiler.Updateable = "true"
		Release.AspNetCompiler.ForceOverwrite = "true"
		Release.AspNetCompiler.FixedNames = "false"
		Release.AspNetCompiler.Debug = "False"
		VWDPort = "61216"
		SlnRelativePath = "Hola.UI\"
	EndProjectSection
EndProject
Global
	GlobalSection(SolutionConfigurationPlatforms) = preSolution
		Debug|Any CPU = Debug|Any CPU
		Release|Any CPU = Release|Any CPU
	EndGlobalSection
	GlobalSection(ProjectConfigurationPlatforms) = postSolution
		{24697C4E-DE93-4F1D-B5FA-4AE3532D8FDF}.Debug|Any CPU.ActiveCfg = Debug|Any CPU
		{24697C4E-DE93-4F1D-B5FA-4AE3532D8FDF}.Debug|Any CPU.Build.0 = Debug|Any CPU
		{24697C4E-DE93-4F1D-B5FA-4AE3532D8FDF}.Release|Any CPU.ActiveCfg = Release|Any CPU
		{24697C4E-DE93-4F1D-B5FA-4AE3532D8FDF}.Release|Any CPU.Build.0 = Release|Any CPU
		{9DB5EF17-5F59-40D2-A53D-E9F2DDCC1582}.Debug|Any CPU.ActiveCfg = Debug|Any CPU
		{9DB5EF17-5F59-40D2-A53D-E9F2DDCC1582}.Debug|Any CPU.Build.0 = Debug|Any CPU
		{9DB5EF17-5F59-40D2-A53D-E9F2DDCC1582}.Release|Any CPU.ActiveCfg = Debug|Any CPU
		{9DB5EF17-5F59-40D2-A53D-E9F2DDCC1582}.Release|Any CPU.Build.0 = Debug|Any CPU
	EndGlobalSection
	GlobalSection(SolutionProperties) = preSolution
		HideSolutionNode = FALSE
	EndGlobalSection
EndGlobal
